
Microsoft Visual Studio Solution File, Format Version 12.00
# Visual Studio 15
VisualStudioVersion = 15.0.26430.16
MinimumVisualStudioVersion = 10.0.40219.1
Project("{8BC9CEB8-8B4A-11D0-8D11-00A0C91BC942}") = "core", "..\..\..\app\appseed\core\core.vcxproj", "{E000FFAF-392F-4E32-BF51-FD7ED638991F}"
EndProject
Project("{8BC9CEB8-8B4A-11D0-8D11-00A0C91BC942}") = "axis", "..\..\..\app\appseed\axis\axis.vcxproj", "{73A245F9-C92F-4487-AEF7-CB0531F665BD}"
EndProject
Project("{8BC9CEB8-8B4A-11D0-8D11-00A0C91BC942}") = "aura", "..\..\..\app\appseed\aura\aura.vcxproj", "{03E5B8E7-9E3B-44DD-9EDE-E0A74D52C1C5}"
EndProject
Project("{8BC9CEB8-8B4A-11D0-8D11-00A0C91BC942}") = "aqua", "..\..\..\app\appseed\aqua\aqua.vcxproj", "{51778453-C0AA-419D-A87F-4338C9DDE3FA}"
EndProject
Project("{8BC9CEB8-8B4A-11D0-8D11-00A0C91BC942}") = "base", "..\..\..\app\appseed\base\base.vcxproj", "{4D7D3626-ADA6-4CA2-9566-ED7B131E3D51}"
EndProject
Project("{8BC9CEB8-8B4A-11D0-8D11-00A0C91BC942}") = "ace", "..\..\..\app\appseed\ace\ace.vcxproj", "{21DCC811-4BCE-4F16-B674-C0941F847127}"
EndProject
Project("{8BC9CEB8-8B4A-11D0-8D11-00A0C91BC942}") = "_ace", "..\..\..\app\appseed\ace\_ace.vcxproj", "{699D6807-4F43-40E9-86AB-2A8B856707A9}"
EndProject
Project("{8BC9CEB8-8B4A-11D0-8D11-00A0C91BC942}") = "axisfreeimage", "..\..\..\app\appseed\freeimage\axisfreeimage.vcxproj", "{B39ED2B3-D53A-4077-B957-930979A3577D}"
EndProject
Project("{8BC9CEB8-8B4A-11D0-8D11-00A0C91BC942}") = "image_decode_jpeg", "..\..\..\app\appseed\image_jpeg\axis_image_jpeg.vcxproj", "{84517713-2000-419D-A87F-4338C9DDE3FA}"
EndProject
Project("{8BC9CEB8-8B4A-11D0-8D11-00A0C91BC942}") = "image_decode_png", "..\..\..\app\appseed\image_png\axis_image_png.vcxproj", "{84517714-2000-419D-A87F-4338C9DDE3FA}"
EndProject
Project("{8BC9CEB8-8B4A-11D0-8D11-00A0C91BC942}") = "draw2d_gdiplus", "..\..\..\nodeapp\appseed\draw2d_gdiplus\draw2d_gdiplus.vcxproj", "{9A5FBFB1-76E6-4F7E-933A-328C1EEC95AF}"
EndProject
Project("{8BC9CEB8-8B4A-11D0-8D11-00A0C91BC942}") = "app", "..\..\..\nodeapp\appseed\app\app.vcxproj", "{19841115-1984-0411-1977-021977151984}"
EndProject
Project("{8BC9CEB8-8B4A-11D0-8D11-00A0C91BC942}") = "app._", "..\..\..\nodeapp\appseed\app._\app._.vcxproj", "{11AFE887-61B7-4217-913C-36736B359F39}"
EndProject
Project("{8BC9CEB8-8B4A-11D0-8D11-00A0C91BC942}") = "wndfrm_core", "..\..\..\app\appseed\wndfrm_core\wndfrm_core.vcxproj", "{E2D7833B-9B59-4826-BBDF-C270A2115E86}"
EndProject
Project("{8BC9CEB8-8B4A-11D0-8D11-00A0C91BC942}") = "app_core_start", "..\..\appseed\start\start.vcxproj", "{73544CBD-8909-40D1-89C3-D5F33894313A}"
EndProject
Global
	GlobalSection(SolutionConfigurationPlatforms) = preSolution
		basis|Win32 = basis|Win32
		basis|x64 = basis|x64
		cover|Win32 = cover|Win32
		cover|x64 = cover|x64
		stage|Win32 = stage|Win32
		stage|x64 = stage|x64
	EndGlobalSection
	GlobalSection(ProjectConfigurationPlatforms) = postSolution
		{E000FFAF-392F-4E32-BF51-FD7ED638991F}.basis|Win32.ActiveCfg = basis|Win32
		{E000FFAF-392F-4E32-BF51-FD7ED638991F}.basis|Win32.Build.0 = basis|Win32
		{E000FFAF-392F-4E32-BF51-FD7ED638991F}.basis|x64.ActiveCfg = basis|x64
		{E000FFAF-392F-4E32-BF51-FD7ED638991F}.basis|x64.Build.0 = basis|x64
		{E000FFAF-392F-4E32-BF51-FD7ED638991F}.cover|Win32.ActiveCfg = cover|Win32
		{E000FFAF-392F-4E32-BF51-FD7ED638991F}.cover|Win32.Build.0 = cover|Win32
		{E000FFAF-392F-4E32-BF51-FD7ED638991F}.cover|x64.ActiveCfg = cover|x64
		{E000FFAF-392F-4E32-BF51-FD7ED638991F}.cover|x64.Build.0 = cover|x64
		{E000FFAF-392F-4E32-BF51-FD7ED638991F}.stage|Win32.ActiveCfg = stage|Win32
		{E000FFAF-392F-4E32-BF51-FD7ED638991F}.stage|Win32.Build.0 = stage|Win32
		{E000FFAF-392F-4E32-BF51-FD7ED638991F}.stage|x64.ActiveCfg = stage|x64
		{E000FFAF-392F-4E32-BF51-FD7ED638991F}.stage|x64.Build.0 = stage|x64
		{73A245F9-C92F-4487-AEF7-CB0531F665BD}.basis|Win32.ActiveCfg = basis|Win32
		{73A245F9-C92F-4487-AEF7-CB0531F665BD}.basis|Win32.Build.0 = basis|Win32
		{73A245F9-C92F-4487-AEF7-CB0531F665BD}.basis|x64.ActiveCfg = basis|x64
		{73A245F9-C92F-4487-AEF7-CB0531F665BD}.basis|x64.Build.0 = basis|x64
		{73A245F9-C92F-4487-AEF7-CB0531F665BD}.cover|Win32.ActiveCfg = cover|Win32
		{73A245F9-C92F-4487-AEF7-CB0531F665BD}.cover|Win32.Build.0 = cover|Win32
		{73A245F9-C92F-4487-AEF7-CB0531F665BD}.cover|Win32.Deploy.0 = cover|Win32
		{73A245F9-C92F-4487-AEF7-CB0531F665BD}.cover|x64.ActiveCfg = cover|x64
		{73A245F9-C92F-4487-AEF7-CB0531F665BD}.cover|x64.Build.0 = cover|x64
		{73A245F9-C92F-4487-AEF7-CB0531F665BD}.cover|x64.Deploy.0 = cover|x64
		{73A245F9-C92F-4487-AEF7-CB0531F665BD}.stage|Win32.ActiveCfg = stage|Win32
		{73A245F9-C92F-4487-AEF7-CB0531F665BD}.stage|Win32.Build.0 = stage|Win32
		{73A245F9-C92F-4487-AEF7-CB0531F665BD}.stage|x64.ActiveCfg = stage|x64
		{73A245F9-C92F-4487-AEF7-CB0531F665BD}.stage|x64.Build.0 = stage|x64
		{03E5B8E7-9E3B-44DD-9EDE-E0A74D52C1C5}.basis|Win32.ActiveCfg = basis|Win32
		{03E5B8E7-9E3B-44DD-9EDE-E0A74D52C1C5}.basis|Win32.Build.0 = basis|Win32
		{03E5B8E7-9E3B-44DD-9EDE-E0A74D52C1C5}.basis|x64.ActiveCfg = basis|x64
		{03E5B8E7-9E3B-44DD-9EDE-E0A74D52C1C5}.basis|x64.Build.0 = basis|x64
		{03E5B8E7-9E3B-44DD-9EDE-E0A74D52C1C5}.cover|Win32.ActiveCfg = cover|Win32
		{03E5B8E7-9E3B-44DD-9EDE-E0A74D52C1C5}.cover|Win32.Build.0 = cover|Win32
		{03E5B8E7-9E3B-44DD-9EDE-E0A74D52C1C5}.cover|Win32.Deploy.0 = cover|Win32
		{03E5B8E7-9E3B-44DD-9EDE-E0A74D52C1C5}.cover|x64.ActiveCfg = cover|x64
		{03E5B8E7-9E3B-44DD-9EDE-E0A74D52C1C5}.cover|x64.Build.0 = cover|x64
		{03E5B8E7-9E3B-44DD-9EDE-E0A74D52C1C5}.cover|x64.Deploy.0 = cover|x64
		{03E5B8E7-9E3B-44DD-9EDE-E0A74D52C1C5}.stage|Win32.ActiveCfg = stage|Win32
		{03E5B8E7-9E3B-44DD-9EDE-E0A74D52C1C5}.stage|Win32.Build.0 = stage|Win32
		{03E5B8E7-9E3B-44DD-9EDE-E0A74D52C1C5}.stage|x64.ActiveCfg = stage|x64
		{03E5B8E7-9E3B-44DD-9EDE-E0A74D52C1C5}.stage|x64.Build.0 = stage|x64
		{51778453-C0AA-419D-A87F-4338C9DDE3FA}.basis|Win32.ActiveCfg = basis|Win32
		{51778453-C0AA-419D-A87F-4338C9DDE3FA}.basis|Win32.Build.0 = basis|Win32
		{51778453-C0AA-419D-A87F-4338C9DDE3FA}.basis|x64.ActiveCfg = basis|x64
		{51778453-C0AA-419D-A87F-4338C9DDE3FA}.basis|x64.Build.0 = basis|x64
		{51778453-C0AA-419D-A87F-4338C9DDE3FA}.cover|Win32.ActiveCfg = cover|Win32
		{51778453-C0AA-419D-A87F-4338C9DDE3FA}.cover|Win32.Build.0 = cover|Win32
		{51778453-C0AA-419D-A87F-4338C9DDE3FA}.cover|Win32.Deploy.0 = cover|Win32
		{51778453-C0AA-419D-A87F-4338C9DDE3FA}.cover|x64.ActiveCfg = cover|x64
		{51778453-C0AA-419D-A87F-4338C9DDE3FA}.cover|x64.Build.0 = cover|x64
		{51778453-C0AA-419D-A87F-4338C9DDE3FA}.cover|x64.Deploy.0 = cover|x64
		{51778453-C0AA-419D-A87F-4338C9DDE3FA}.stage|Win32.ActiveCfg = stage|Win32
		{51778453-C0AA-419D-A87F-4338C9DDE3FA}.stage|Win32.Build.0 = stage|Win32
		{51778453-C0AA-419D-A87F-4338C9DDE3FA}.stage|x64.ActiveCfg = stage|x64
		{51778453-C0AA-419D-A87F-4338C9DDE3FA}.stage|x64.Build.0 = stage|x64
		{4D7D3626-ADA6-4CA2-9566-ED7B131E3D51}.basis|Win32.ActiveCfg = basis|Win32
		{4D7D3626-ADA6-4CA2-9566-ED7B131E3D51}.basis|Win32.Build.0 = basis|Win32
		{4D7D3626-ADA6-4CA2-9566-ED7B131E3D51}.basis|x64.ActiveCfg = basis|x64
		{4D7D3626-ADA6-4CA2-9566-ED7B131E3D51}.basis|x64.Build.0 = basis|x64
		{4D7D3626-ADA6-4CA2-9566-ED7B131E3D51}.cover|Win32.ActiveCfg = cover|Win32
		{4D7D3626-ADA6-4CA2-9566-ED7B131E3D51}.cover|Win32.Build.0 = cover|Win32
		{4D7D3626-ADA6-4CA2-9566-ED7B131E3D51}.cover|Win32.Deploy.0 = cover|Win32
		{4D7D3626-ADA6-4CA2-9566-ED7B131E3D51}.cover|x64.ActiveCfg = cover|x64
		{4D7D3626-ADA6-4CA2-9566-ED7B131E3D51}.cover|x64.Build.0 = cover|x64
		{4D7D3626-ADA6-4CA2-9566-ED7B131E3D51}.cover|x64.Deploy.0 = cover|x64
		{4D7D3626-ADA6-4CA2-9566-ED7B131E3D51}.stage|Win32.ActiveCfg = stage|Win32
		{4D7D3626-ADA6-4CA2-9566-ED7B131E3D51}.stage|Win32.Build.0 = stage|Win32
		{4D7D3626-ADA6-4CA2-9566-ED7B131E3D51}.stage|x64.ActiveCfg = stage|x64
		{4D7D3626-ADA6-4CA2-9566-ED7B131E3D51}.stage|x64.Build.0 = stage|x64
		{21DCC811-4BCE-4F16-B674-C0941F847127}.basis|Win32.ActiveCfg = basis|Win32
		{21DCC811-4BCE-4F16-B674-C0941F847127}.basis|Win32.Build.0 = basis|Win32
		{21DCC811-4BCE-4F16-B674-C0941F847127}.basis|x64.ActiveCfg = basis|x64
		{21DCC811-4BCE-4F16-B674-C0941F847127}.basis|x64.Build.0 = basis|x64
		{21DCC811-4BCE-4F16-B674-C0941F847127}.cover|Win32.ActiveCfg = cover|Win32
		{21DCC811-4BCE-4F16-B674-C0941F847127}.cover|Win32.Build.0 = cover|Win32
		{21DCC811-4BCE-4F16-B674-C0941F847127}.cover|Win32.Deploy.0 = cover|Win32
		{21DCC811-4BCE-4F16-B674-C0941F847127}.cover|x64.ActiveCfg = cover|x64
		{21DCC811-4BCE-4F16-B674-C0941F847127}.cover|x64.Build.0 = cover|x64
		{21DCC811-4BCE-4F16-B674-C0941F847127}.cover|x64.Deploy.0 = cover|x64
		{21DCC811-4BCE-4F16-B674-C0941F847127}.stage|Win32.ActiveCfg = stage|Win32
		{21DCC811-4BCE-4F16-B674-C0941F847127}.stage|Win32.Build.0 = stage|Win32
		{21DCC811-4BCE-4F16-B674-C0941F847127}.stage|x64.ActiveCfg = stage|x64
		{21DCC811-4BCE-4F16-B674-C0941F847127}.stage|x64.Build.0 = stage|x64
		{699D6807-4F43-40E9-86AB-2A8B856707A9}.basis|Win32.ActiveCfg = basis|Win32
		{699D6807-4F43-40E9-86AB-2A8B856707A9}.basis|Win32.Build.0 = basis|Win32
		{699D6807-4F43-40E9-86AB-2A8B856707A9}.basis|x64.ActiveCfg = basis|x64
		{699D6807-4F43-40E9-86AB-2A8B856707A9}.basis|x64.Build.0 = basis|x64
		{699D6807-4F43-40E9-86AB-2A8B856707A9}.cover|Win32.ActiveCfg = cover|Win32
		{699D6807-4F43-40E9-86AB-2A8B856707A9}.cover|Win32.Build.0 = cover|Win32
		{699D6807-4F43-40E9-86AB-2A8B856707A9}.cover|Win32.Deploy.0 = cover|Win32
		{699D6807-4F43-40E9-86AB-2A8B856707A9}.cover|x64.ActiveCfg = cover|x64
		{699D6807-4F43-40E9-86AB-2A8B856707A9}.cover|x64.Build.0 = cover|x64
		{699D6807-4F43-40E9-86AB-2A8B856707A9}.cover|x64.Deploy.0 = cover|x64
		{699D6807-4F43-40E9-86AB-2A8B856707A9}.stage|Win32.ActiveCfg = stage|Win32
		{699D6807-4F43-40E9-86AB-2A8B856707A9}.stage|Win32.Build.0 = stage|Win32
		{699D6807-4F43-40E9-86AB-2A8B856707A9}.stage|x64.ActiveCfg = stage|x64
		{699D6807-4F43-40E9-86AB-2A8B856707A9}.stage|x64.Build.0 = stage|x64
		{B39ED2B3-D53A-4077-B957-930979A3577D}.basis|Win32.ActiveCfg = basis|Win32
		{B39ED2B3-D53A-4077-B957-930979A3577D}.basis|Win32.Build.0 = basis|Win32
		{B39ED2B3-D53A-4077-B957-930979A3577D}.basis|x64.ActiveCfg = basis|x64
		{B39ED2B3-D53A-4077-B957-930979A3577D}.basis|x64.Build.0 = basis|x64
		{B39ED2B3-D53A-4077-B957-930979A3577D}.cover|Win32.ActiveCfg = cover|Win32
		{B39ED2B3-D53A-4077-B957-930979A3577D}.cover|Win32.Build.0 = cover|Win32
		{B39ED2B3-D53A-4077-B957-930979A3577D}.cover|Win32.Deploy.0 = cover|Win32
		{B39ED2B3-D53A-4077-B957-930979A3577D}.cover|x64.ActiveCfg = cover|x64
		{B39ED2B3-D53A-4077-B957-930979A3577D}.cover|x64.Build.0 = cover|x64
		{B39ED2B3-D53A-4077-B957-930979A3577D}.cover|x64.Deploy.0 = cover|x64
		{B39ED2B3-D53A-4077-B957-930979A3577D}.stage|Win32.ActiveCfg = stage|Win32
		{B39ED2B3-D53A-4077-B957-930979A3577D}.stage|Win32.Build.0 = stage|Win32
		{B39ED2B3-D53A-4077-B957-930979A3577D}.stage|x64.ActiveCfg = stage|x64
		{B39ED2B3-D53A-4077-B957-930979A3577D}.stage|x64.Build.0 = stage|x64
		{84517713-2000-419D-A87F-4338C9DDE3FA}.basis|Win32.ActiveCfg = basis|Win32
		{84517713-2000-419D-A87F-4338C9DDE3FA}.basis|Win32.Build.0 = basis|Win32
		{84517713-2000-419D-A87F-4338C9DDE3FA}.basis|x64.ActiveCfg = basis|x64
		{84517713-2000-419D-A87F-4338C9DDE3FA}.basis|x64.Build.0 = basis|x64
		{84517713-2000-419D-A87F-4338C9DDE3FA}.cover|Win32.ActiveCfg = cover|Win32
		{84517713-2000-419D-A87F-4338C9DDE3FA}.cover|Win32.Build.0 = cover|Win32
		{84517713-2000-419D-A87F-4338C9DDE3FA}.cover|Win32.Deploy.0 = cover|Win32
		{84517713-2000-419D-A87F-4338C9DDE3FA}.cover|x64.ActiveCfg = cover|x64
		{84517713-2000-419D-A87F-4338C9DDE3FA}.cover|x64.Build.0 = cover|x64
		{84517713-2000-419D-A87F-4338C9DDE3FA}.cover|x64.Deploy.0 = cover|x64
		{84517713-2000-419D-A87F-4338C9DDE3FA}.stage|Win32.ActiveCfg = stage|Win32
		{84517713-2000-419D-A87F-4338C9DDE3FA}.stage|Win32.Build.0 = stage|Win32
		{84517713-2000-419D-A87F-4338C9DDE3FA}.stage|x64.ActiveCfg = stage|x64
		{84517713-2000-419D-A87F-4338C9DDE3FA}.stage|x64.Build.0 = stage|x64
		{84517714-2000-419D-A87F-4338C9DDE3FA}.basis|Win32.ActiveCfg = basis|Win32
		{84517714-2000-419D-A87F-4338C9DDE3FA}.basis|Win32.Build.0 = basis|Win32
		{84517714-2000-419D-A87F-4338C9DDE3FA}.basis|x64.ActiveCfg = basis|x64
		{84517714-2000-419D-A87F-4338C9DDE3FA}.basis|x64.Build.0 = basis|x64
		{84517714-2000-419D-A87F-4338C9DDE3FA}.cover|Win32.ActiveCfg = cover|Win32
		{84517714-2000-419D-A87F-4338C9DDE3FA}.cover|Win32.Build.0 = cover|Win32
		{84517714-2000-419D-A87F-4338C9DDE3FA}.cover|Win32.Deploy.0 = cover|Win32
		{84517714-2000-419D-A87F-4338C9DDE3FA}.cover|x64.ActiveCfg = cover|x64
		{84517714-2000-419D-A87F-4338C9DDE3FA}.cover|x64.Build.0 = cover|x64
		{84517714-2000-419D-A87F-4338C9DDE3FA}.cover|x64.Deploy.0 = cover|x64
		{84517714-2000-419D-A87F-4338C9DDE3FA}.stage|Win32.ActiveCfg = stage|Win32
		{84517714-2000-419D-A87F-4338C9DDE3FA}.stage|Win32.Build.0 = stage|Win32
		{84517714-2000-419D-A87F-4338C9DDE3FA}.stage|x64.ActiveCfg = stage|x64
		{84517714-2000-419D-A87F-4338C9DDE3FA}.stage|x64.Build.0 = stage|x64
		{9A5FBFB1-76E6-4F7E-933A-328C1EEC95AF}.basis|Win32.ActiveCfg = basis|Win32
		{9A5FBFB1-76E6-4F7E-933A-328C1EEC95AF}.basis|Win32.Build.0 = basis|Win32
		{9A5FBFB1-76E6-4F7E-933A-328C1EEC95AF}.basis|x64.ActiveCfg = basis|x64
		{9A5FBFB1-76E6-4F7E-933A-328C1EEC95AF}.basis|x64.Build.0 = basis|x64
		{9A5FBFB1-76E6-4F7E-933A-328C1EEC95AF}.cover|Win32.ActiveCfg = cover|Win32
		{9A5FBFB1-76E6-4F7E-933A-328C1EEC95AF}.cover|Win32.Build.0 = cover|Win32
		{9A5FBFB1-76E6-4F7E-933A-328C1EEC95AF}.cover|x64.ActiveCfg = cover|x64
		{9A5FBFB1-76E6-4F7E-933A-328C1EEC95AF}.cover|x64.Build.0 = cover|x64
		{9A5FBFB1-76E6-4F7E-933A-328C1EEC95AF}.stage|Win32.ActiveCfg = stage|Win32
		{9A5FBFB1-76E6-4F7E-933A-328C1EEC95AF}.stage|Win32.Build.0 = stage|Win32
		{9A5FBFB1-76E6-4F7E-933A-328C1EEC95AF}.stage|x64.ActiveCfg = stage|x64
		{9A5FBFB1-76E6-4F7E-933A-328C1EEC95AF}.stage|x64.Build.0 = stage|x64
		{19841115-1984-0411-1977-021977151984}.basis|Win32.ActiveCfg = basis|Win32
		{19841115-1984-0411-1977-021977151984}.basis|Win32.Build.0 = basis|Win32
		{19841115-1984-0411-1977-021977151984}.basis|x64.ActiveCfg = basis|x64
		{19841115-1984-0411-1977-021977151984}.basis|x64.Build.0 = basis|x64
		{19841115-1984-0411-1977-021977151984}.cover|Win32.ActiveCfg = cover|Win32
		{19841115-1984-0411-1977-021977151984}.cover|Win32.Build.0 = cover|Win32
		{19841115-1984-0411-1977-021977151984}.cover|x64.ActiveCfg = cover|x64
		{19841115-1984-0411-1977-021977151984}.cover|x64.Build.0 = cover|x64
		{19841115-1984-0411-1977-021977151984}.stage|Win32.ActiveCfg = stage|Win32
		{19841115-1984-0411-1977-021977151984}.stage|Win32.Build.0 = stage|Win32
		{19841115-1984-0411-1977-021977151984}.stage|x64.ActiveCfg = stage|x64
		{19841115-1984-0411-1977-021977151984}.stage|x64.Build.0 = stage|x64
		{11AFE887-61B7-4217-913C-36736B359F39}.basis|Win32.ActiveCfg = basis|Win32
		{11AFE887-61B7-4217-913C-36736B359F39}.basis|Win32.Build.0 = basis|Win32
		{11AFE887-61B7-4217-913C-36736B359F39}.basis|x64.ActiveCfg = basis|x64
		{11AFE887-61B7-4217-913C-36736B359F39}.basis|x64.Build.0 = basis|x64
		{11AFE887-61B7-4217-913C-36736B359F39}.cover|Win32.ActiveCfg = cover|Win32
		{11AFE887-61B7-4217-913C-36736B359F39}.cover|Win32.Build.0 = cover|Win32
		{11AFE887-61B7-4217-913C-36736B359F39}.cover|x64.ActiveCfg = cover|x64
		{11AFE887-61B7-4217-913C-36736B359F39}.cover|x64.Build.0 = cover|x64
		{11AFE887-61B7-4217-913C-36736B359F39}.stage|Win32.ActiveCfg = stage|Win32
		{11AFE887-61B7-4217-913C-36736B359F39}.stage|Win32.Build.0 = stage|Win32
		{11AFE887-61B7-4217-913C-36736B359F39}.stage|x64.ActiveCfg = stage|x64
		{11AFE887-61B7-4217-913C-36736B359F39}.stage|x64.Build.0 = stage|x64
		{E2D7833B-9B59-4826-BBDF-C270A2115E86}.basis|Win32.ActiveCfg = basis|Win32
		{E2D7833B-9B59-4826-BBDF-C270A2115E86}.basis|Win32.Build.0 = basis|Win32
		{E2D7833B-9B59-4826-BBDF-C270A2115E86}.basis|x64.ActiveCfg = basis|x64
		{E2D7833B-9B59-4826-BBDF-C270A2115E86}.basis|x64.Build.0 = basis|x64
		{E2D7833B-9B59-4826-BBDF-C270A2115E86}.cover|Win32.ActiveCfg = cover|Win32
		{E2D7833B-9B59-4826-BBDF-C270A2115E86}.cover|Win32.Build.0 = cover|Win32
		{E2D7833B-9B59-4826-BBDF-C270A2115E86}.cover|x64.ActiveCfg = cover|x64
		{E2D7833B-9B59-4826-BBDF-C270A2115E86}.cover|x64.Build.0 = cover|x64
		{E2D7833B-9B59-4826-BBDF-C270A2115E86}.stage|Win32.ActiveCfg = stage|Win32
		{E2D7833B-9B59-4826-BBDF-C270A2115E86}.stage|Win32.Build.0 = stage|Win32
		{E2D7833B-9B59-4826-BBDF-C270A2115E86}.stage|x64.ActiveCfg = stage|x64
		{E2D7833B-9B59-4826-BBDF-C270A2115E86}.stage|x64.Build.0 = stage|x64
		{73544CBD-8909-40D1-89C3-D5F33894313A}.basis|Win32.ActiveCfg = basis|Win32
		{73544CBD-8909-40D1-89C3-D5F33894313A}.basis|Win32.Build.0 = basis|Win32
		{73544CBD-8909-40D1-89C3-D5F33894313A}.basis|x64.ActiveCfg = basis|x64
		{73544CBD-8909-40D1-89C3-D5F33894313A}.basis|x64.Build.0 = basis|x64
		{73544CBD-8909-40D1-89C3-D5F33894313A}.cover|Win32.ActiveCfg = cover|Win32
		{73544CBD-8909-40D1-89C3-D5F33894313A}.cover|Win32.Build.0 = cover|Win32
		{73544CBD-8909-40D1-89C3-D5F33894313A}.cover|x64.ActiveCfg = cover|x64
		{73544CBD-8909-40D1-89C3-D5F33894313A}.cover|x64.Build.0 = cover|x64
		{73544CBD-8909-40D1-89C3-D5F33894313A}.stage|Win32.ActiveCfg = stage|Win32
		{73544CBD-8909-40D1-89C3-D5F33894313A}.stage|Win32.Build.0 = stage|Win32
		{73544CBD-8909-40D1-89C3-D5F33894313A}.stage|x64.ActiveCfg = stage|x64
		{73544CBD-8909-40D1-89C3-D5F33894313A}.stage|x64.Build.0 = stage|x64
	EndGlobalSection
	GlobalSection(SolutionProperties) = preSolution
		HideSolutionNode = FALSE
	EndGlobalSection
EndGlobal
