<?xml version="1.0" encoding="utf-8"?>
<Project ToolsVersion="4.0" xmlns="http://schemas.microsoft.com/developer/msbuild/2003">
  <ItemGroup>
    <Filter Include="Header Files">
      <UniqueIdentifier>{d7ab3b64-e4e0-4a1b-b599-4c18bf2a4120}</UniqueIdentifier>
    </Filter>
    <Filter Include="Source Files">
      <UniqueIdentifier>{8db969b7-922d-4239-a700-07c2cd62bb25}</UniqueIdentifier>
    </Filter>
  </ItemGroup>
  <ItemGroup>
    <ClInclude Include="application.h">
      <Filter>Header Files</Filter>
    </ClInclude>
    <ClInclude Include="document.h">
      <Filter>Header Files</Filter>
    </ClInclude>
    <ClInclude Include="frame.h">
      <Filter>Header Files</Filter>
    </ClInclude>
    <ClInclude Include="framework.h">
      <Filter>Header Files</Filter>
    </ClInclude>
    <ClInclude Include="hellomultiverse.h">
      <Filter>Header Files</Filter>
    </ClInclude>
    <ClInclude Include="pane_view.h">
      <Filter>Header Files</Filter>
    </ClInclude>
    <ClInclude Include="pane_view_update_hint.h">
      <Filter>Header Files</Filter>
    </ClInclude>
    <ClInclude Include="view.h">
      <Filter>Header Files</Filter>
    </ClInclude>
  </ItemGroup>
  <ItemGroup>
    <ClCompile Include="framework.cpp">
      <Filter>Source Files</Filter>
    </ClCompile>
    <ClCompile Include="hellomultiverse.cpp">
      <Filter>Source Files</Filter>
    </ClCompile>
    <ClCompile Include="hellomultiverse_application.cpp">
      <Filter>Source Files</Filter>
    </ClCompile>
    <ClCompile Include="hellomultiverse_document.cpp">
      <Filter>Source Files</Filter>
    </ClCompile>
    <ClCompile Include="hellomultiverse_frame.cpp">
      <Filter>Source Files</Filter>
    </ClCompile>
    <ClCompile Include="hellomultiverse_pane_view.cpp">
      <Filter>Source Files</Filter>
    </ClCompile>
    <ClCompile Include="hellomultiverse_pane_view_update_hint.cpp">
      <Filter>Source Files</Filter>
    </ClCompile>
    <ClCompile Include="hellomultiverse_view.cpp">
      <Filter>Source Files</Filter>
    </ClCompile>
  </ItemGroup>
  <ItemGroup>
    <None Include="app_core_hellomultiverse.def" />
  </ItemGroup>
</Project>