<?xml version="1.0" encoding="utf-8"?>
<Project ToolsVersion="4.0" xmlns="http://schemas.microsoft.com/developer/msbuild/2003">
  <ItemGroup>
    <Filter Include="Source Files">
      <UniqueIdentifier>{8e5d91c7-edc0-4d92-b733-aeffca5af850}</UniqueIdentifier>
    </Filter>
    <Filter Include="Header Files">
      <UniqueIdentifier>{93995380-89BD-4b04-88EB-625FBE52EBFB}</UniqueIdentifier>
      <Extensions>h;hpp;hxx;hm;inl;inc;xsd</Extensions>
    </Filter>
  </ItemGroup>
  <ItemGroup>
    <ClCompile Include="framework.cpp">
      <Filter>Source Files</Filter>
    </ClCompile>
    <ClCompile Include="start.cpp">
      <Filter>Source Files</Filter>
    </ClCompile>
    <ClCompile Include="start_application.cpp">
      <Filter>Source Files</Filter>
    </ClCompile>
    <ClCompile Include="start_document.cpp">
      <Filter>Source Files</Filter>
    </ClCompile>
    <ClCompile Include="start_frame.cpp">
      <Filter>Source Files</Filter>
    </ClCompile>
    <ClCompile Include="start_pane_view.cpp">
      <Filter>Source Files</Filter>
    </ClCompile>
    <ClCompile Include="start_pane_view_update_hint.cpp">
      <Filter>Source Files</Filter>
    </ClCompile>
    <ClCompile Include="start_view.cpp">
      <Filter>Source Files</Filter>
    </ClCompile>
    <ClCompile Include="start_second_view.cpp">
      <Filter>Source Files</Filter>
    </ClCompile>
  </ItemGroup>
  <ItemGroup>
    <ClInclude Include="framework.h">
      <Filter>Header Files</Filter>
    </ClInclude>
    <ClInclude Include="start.h">
      <Filter>Header Files</Filter>
    </ClInclude>
    <ClInclude Include="start_application.h">
      <Filter>Header Files</Filter>
    </ClInclude>
    <ClInclude Include="start_document.h">
      <Filter>Header Files</Filter>
    </ClInclude>
    <ClInclude Include="start_frame.h">
      <Filter>Header Files</Filter>
    </ClInclude>
    <ClInclude Include="start_pane_view.h">
      <Filter>Header Files</Filter>
    </ClInclude>
    <ClInclude Include="start_pane_view_update_hint.h">
      <Filter>Header Files</Filter>
    </ClInclude>
    <ClInclude Include="start_view.h">
      <Filter>Header Files</Filter>
    </ClInclude>
    <ClInclude Include="start_second_view.h">
      <Filter>Header Files</Filter>
    </ClInclude>
  </ItemGroup>
  <ItemGroup>
    <None Include="app_love_as_a_service_start.def">
      <Filter>Source Files</Filter>
    </None>
  </ItemGroup>
</Project>